
Microsoft Visual Studio Solution File, Format Version 12.00
# Visual Studio 14
VisualStudioVersion = 14.0.23107.0
MinimumVisualStudioVersion = 10.0.40219.1
Project("{FAE04EC0-301F-11D3-BF4B-00C04F79EFBC}") = "SchoolOSWebPortalBgService", "SchoolOSWebPortalBgService\SchoolOSWebPortalBgService.csproj", "{84834E98-F094-4F90-805A-BF2578A8A45E}"
EndProject
Project("{FAE04EC0-301F-11D3-BF4B-00C04F79EFBC}") = "SharedCommons", "SharedCommons\SharedCommons.csproj", "{B0913B97-3879-4192-8C6C-EA215914254F}"
EndProject
Project("{FAE04EC0-301F-11D3-BF4B-00C04F79EFBC}") = "SchoolOSWebPortalBgServiceTests", "SchoolOSWebPortalBgServiceTests\SchoolOSWebPortalBgServiceTests.csproj", "{C031252D-798C-4643-ABB3-0CAED3024D2D}"
EndProject
Global
	GlobalSection(SolutionConfigurationPlatforms) = preSolution
		Debug|Any CPU = Debug|Any CPU
		Release|Any CPU = Release|Any CPU
	EndGlobalSection
	GlobalSection(ProjectConfigurationPlatforms) = postSolution
		{84834E98-F094-4F90-805A-BF2578A8A45E}.Debug|Any CPU.ActiveCfg = Debug|Any CPU
		{84834E98-F094-4F90-805A-BF2578A8A45E}.Debug|Any CPU.Build.0 = Debug|Any CPU
		{84834E98-F094-4F90-805A-BF2578A8A45E}.Release|Any CPU.ActiveCfg = Release|Any CPU
		{84834E98-F094-4F90-805A-BF2578A8A45E}.Release|Any CPU.Build.0 = Release|Any CPU
		{B0913B97-3879-4192-8C6C-EA215914254F}.Debug|Any CPU.ActiveCfg = Debug|Any CPU
		{B0913B97-3879-4192-8C6C-EA215914254F}.Debug|Any CPU.Build.0 = Debug|Any CPU
		{B0913B97-3879-4192-8C6C-EA215914254F}.Release|Any CPU.ActiveCfg = Release|Any CPU
		{B0913B97-3879-4192-8C6C-EA215914254F}.Release|Any CPU.Build.0 = Release|Any CPU
		{C031252D-798C-4643-ABB3-0CAED3024D2D}.Debug|Any CPU.ActiveCfg = Debug|Any CPU
		{C031252D-798C-4643-ABB3-0CAED3024D2D}.Debug|Any CPU.Build.0 = Debug|Any CPU
		{C031252D-798C-4643-ABB3-0CAED3024D2D}.Release|Any CPU.ActiveCfg = Release|Any CPU
		{C031252D-798C-4643-ABB3-0CAED3024D2D}.Release|Any CPU.Build.0 = Release|Any CPU
	EndGlobalSection
	GlobalSection(SolutionProperties) = preSolution
		HideSolutionNode = FALSE
	EndGlobalSection
EndGlobal
